{
    "name": "herakles",
    "version": "0.0.1",
    "lockfileVersion": 2,
    "requires": true,
    "packages": {
        "": {
            "version": "0.0.1",
            "dependencies": {
                "minor": "^1.2.3"
            },
            "engines": {
                "vscode": "^1.59.0"
            }
        },
        "node_modules/minor": {
            "version": "1.2.3",
            "resolved": "https://registry.npmjs.org/minor/-/minor-1.2.3.tgz",
            "integrity": "sha1-SCKQGZPYuqxWu74yxTMyF7b55O8="
        }
    },
    "dependencies": {
        "minor": {
            "version": "1.2.3",
            "resolved": "https://registry.npmjs.org/minor/-/minor-1.2.3.tgz",
            "integrity": "sha1-SCKQGZPYuqxWu74yxTMyF7b55O8="
        }
    }
}
